// !$*UTF8*$!
{
	archiveVersion = 1;
	classes = {
	};
	objectVersion = 50;
	objects = {

/* Begin PBXBuildFile section */
		254AE93C2368A8F800CCC3B8 /* MiniGamesController.swift in Sources */ = {isa = PBXBuildFile; fileRef = 254AE93B2368A8F800CCC3B8 /* MiniGamesController.swift */; };
		25C425A9234FB99D00B0FE94 /* GeniusScene.swift in Sources */ = {isa = PBXBuildFile; fileRef = 25C425A8234FB99D00B0FE94 /* GeniusScene.swift */; };
		6FCA38BA234E488E005A239D /* AppDelegate.swift in Sources */ = {isa = PBXBuildFile; fileRef = 6FCA38B9234E488E005A239D /* AppDelegate.swift */; };
		6FCA38BC234E488E005A239D /* GameScene.sks in Resources */ = {isa = PBXBuildFile; fileRef = 6FCA38BB234E488E005A239D /* GameScene.sks */; };
		6FCA38BE234E488E005A239D /* Actions.sks in Resources */ = {isa = PBXBuildFile; fileRef = 6FCA38BD234E488E005A239D /* Actions.sks */; };
		6FCA38C0234E488E005A239D /* InicialScreen.swift in Sources */ = {isa = PBXBuildFile; fileRef = 6FCA38BF234E488E005A239D /* InicialScreen.swift */; };
		6FCA38C2234E488E005A239D /* GameViewController.swift in Sources */ = {isa = PBXBuildFile; fileRef = 6FCA38C1234E488E005A239D /* GameViewController.swift */; };
		6FCA38C5234E488E005A239D /* Main.storyboard in Resources */ = {isa = PBXBuildFile; fileRef = 6FCA38C3234E488E005A239D /* Main.storyboard */; };
		6FCA38C7234E4892005A239D /* Assets.xcassets in Resources */ = {isa = PBXBuildFile; fileRef = 6FCA38C6234E4892005A239D /* Assets.xcassets */; };
		6FCA38CA234E4892005A239D /* LaunchScreen.storyboard in Resources */ = {isa = PBXBuildFile; fileRef = 6FCA38C8234E4892005A239D /* LaunchScreen.storyboard */; };
		6FCA38D2234E52FE005A239D /* NewScene.swift in Sources */ = {isa = PBXBuildFile; fileRef = 6FCA38D1234E52FE005A239D /* NewScene.swift */; };
		6FDE81B1235CC38D001294F5 /* StoryBegin.swift in Sources */ = {isa = PBXBuildFile; fileRef = 6FDE81B0235CC38D001294F5 /* StoryBegin.swift */; };
		759B0EC12360BECB00399888 /* StoryScene2.swift in Sources */ = {isa = PBXBuildFile; fileRef = 759B0EC02360BECB00399888 /* StoryScene2.swift */; };
		759B0EC32360BF2B00399888 /* StoryScene3.swift in Sources */ = {isa = PBXBuildFile; fileRef = 759B0EC22360BF2B00399888 /* StoryScene3.swift */; };
		759B0EC52360BF6C00399888 /* StoryScene4.swift in Sources */ = {isa = PBXBuildFile; fileRef = 759B0EC42360BF6C00399888 /* StoryScene4.swift */; };
		759B0EC72360C03400399888 /* StoryScene5.swift in Sources */ = {isa = PBXBuildFile; fileRef = 759B0EC62360C03400399888 /* StoryScene5.swift */; };
		759B0EC92360C06500399888 /* StoryScene6.swift in Sources */ = {isa = PBXBuildFile; fileRef = 759B0EC82360C06500399888 /* StoryScene6.swift */; };
		9559081F2368D16A00A32C5C /* MusicHelper.swift in Sources */ = {isa = PBXBuildFile; fileRef = 9559081E2368D16A00A32C5C /* MusicHelper.swift */; };
		955908212368D27A00A32C5C /* musicaDaNarrativa.mp3 in Resources */ = {isa = PBXBuildFile; fileRef = 955908202368D27A00A32C5C /* musicaDaNarrativa.mp3 */; };
		955908232368D29E00A32C5C /* cenario.mp3 in Resources */ = {isa = PBXBuildFile; fileRef = 955908222368D29E00A32C5C /* cenario.mp3 */; };
		E002B2D12369FF6200A2C7E9 /* shipSound.wav in Resources */ = {isa = PBXBuildFile; fileRef = E002B2CF2369FF6200A2C7E9 /* shipSound.wav */; };
		E002B2D22369FF6200A2C7E9 /* invadersSound.wav in Resources */ = {isa = PBXBuildFile; fileRef = E002B2D02369FF6200A2C7E9 /* invadersSound.wav */; };
		E002B2D6236A021700A2C7E9 /* eatSound.wav in Resources */ = {isa = PBXBuildFile; fileRef = E002B2D5236A021700A2C7E9 /* eatSound.wav */; };
		E002B2D8236A0BD900A2C7E9 /* gameOverSound.wav in Resources */ = {isa = PBXBuildFile; fileRef = E002B2D7236A0BD900A2C7E9 /* gameOverSound.wav */; };
		E002B2DD236A1E7A00A2C7E9 /* audioGreen.mp3 in Resources */ = {isa = PBXBuildFile; fileRef = E002B2D9236A1E7A00A2C7E9 /* audioGreen.mp3 */; };
		E002B2DE236A1E7A00A2C7E9 /* audioBlue.mp3 in Resources */ = {isa = PBXBuildFile; fileRef = E002B2DA236A1E7A00A2C7E9 /* audioBlue.mp3 */; };
		E002B2DF236A1E7A00A2C7E9 /* audioYellow.mp3 in Resources */ = {isa = PBXBuildFile; fileRef = E002B2DB236A1E7A00A2C7E9 /* audioYellow.mp3 */; };
		E002B2E0236A1E7A00A2C7E9 /* audioRed.mp3 in Resources */ = {isa = PBXBuildFile; fileRef = E002B2DC236A1E7A00A2C7E9 /* audioRed.mp3 */; };
		E00B886223624D9A004459AC /* slkscre.ttf in Resources */ = {isa = PBXBuildFile; fileRef = E00B886123624D9A004459AC /* slkscre.ttf */; };
		E099B6472360D11100EDEC90 /* SpaceInvaders.swift in Sources */ = {isa = PBXBuildFile; fileRef = E099B6462360D11100EDEC90 /* SpaceInvaders.swift */; };
		E099B6532360DD3500EDEC90 /* GameOverSceneSnake.swift in Sources */ = {isa = PBXBuildFile; fileRef = E099B6522360DD3500EDEC90 /* GameOverSceneSnake.swift */; };
		E099B6552360DE3E00EDEC90 /* ManagerGameSnake.swift in Sources */ = {isa = PBXBuildFile; fileRef = E099B6542360DE3E00EDEC90 /* ManagerGameSnake.swift */; };
		E099B6572360DE7200EDEC90 /* GameSnake.swift in Sources */ = {isa = PBXBuildFile; fileRef = E099B6562360DE7200EDEC90 /* GameSnake.swift */; };
		E099B6592360F0E000EDEC90 /* GameOverSceneSpace.swift in Sources */ = {isa = PBXBuildFile; fileRef = E099B6582360F0E000EDEC90 /* GameOverSceneSpace.swift */; };
		E099B65B2360F2C600EDEC90 /* GameOverSceneGenius.swift in Sources */ = {isa = PBXBuildFile; fileRef = E099B65A2360F2C600EDEC90 /* GameOverSceneGenius.swift */; };
/* End PBXBuildFile section */

/* Begin PBXFileReference section */
		254AE93B2368A8F800CCC3B8 /* MiniGamesController.swift */ = {isa = PBXFileReference; lastKnownFileType = sourcecode.swift; path = MiniGamesController.swift; sourceTree = "<group>"; };
		25C425A8234FB99D00B0FE94 /* GeniusScene.swift */ = {isa = PBXFileReference; lastKnownFileType = sourcecode.swift; path = GeniusScene.swift; sourceTree = "<group>"; };
		6FCA38B6234E488E005A239D /* Mudanças.app */ = {isa = PBXFileReference; explicitFileType = wrapper.application; includeInIndex = 0; path = "Mudanças.app"; sourceTree = BUILT_PRODUCTS_DIR; };
		6FCA38B9234E488E005A239D /* AppDelegate.swift */ = {isa = PBXFileReference; lastKnownFileType = sourcecode.swift; path = AppDelegate.swift; sourceTree = "<group>"; };
		6FCA38BB234E488E005A239D /* GameScene.sks */ = {isa = PBXFileReference; lastKnownFileType = file.sks; path = GameScene.sks; sourceTree = "<group>"; };
		6FCA38BD234E488E005A239D /* Actions.sks */ = {isa = PBXFileReference; lastKnownFileType = file.sks; path = Actions.sks; sourceTree = "<group>"; };
		6FCA38BF234E488E005A239D /* InicialScreen.swift */ = {isa = PBXFileReference; lastKnownFileType = sourcecode.swift; path = InicialScreen.swift; sourceTree = "<group>"; };
		6FCA38C1234E488E005A239D /* GameViewController.swift */ = {isa = PBXFileReference; lastKnownFileType = sourcecode.swift; path = GameViewController.swift; sourceTree = "<group>"; };
		6FCA38C4234E488E005A239D /* Base */ = {isa = PBXFileReference; lastKnownFileType = file.storyboard; name = Base; path = Base.lproj/Main.storyboard; sourceTree = "<group>"; };
		6FCA38C6234E4892005A239D /* Assets.xcassets */ = {isa = PBXFileReference; lastKnownFileType = folder.assetcatalog; path = Assets.xcassets; sourceTree = "<group>"; };
		6FCA38C9234E4892005A239D /* Base */ = {isa = PBXFileReference; lastKnownFileType = file.storyboard; name = Base; path = Base.lproj/LaunchScreen.storyboard; sourceTree = "<group>"; };
		6FCA38CB234E4892005A239D /* Info.plist */ = {isa = PBXFileReference; lastKnownFileType = text.plist.xml; path = Info.plist; sourceTree = "<group>"; };
		6FCA38D1234E52FE005A239D /* NewScene.swift */ = {isa = PBXFileReference; lastKnownFileType = sourcecode.swift; path = NewScene.swift; sourceTree = "<group>"; };
		6FDE81B0235CC38D001294F5 /* StoryBegin.swift */ = {isa = PBXFileReference; lastKnownFileType = sourcecode.swift; path = StoryBegin.swift; sourceTree = "<group>"; };
		759B0EC02360BECB00399888 /* StoryScene2.swift */ = {isa = PBXFileReference; lastKnownFileType = sourcecode.swift; path = StoryScene2.swift; sourceTree = "<group>"; };
		759B0EC22360BF2B00399888 /* StoryScene3.swift */ = {isa = PBXFileReference; lastKnownFileType = sourcecode.swift; path = StoryScene3.swift; sourceTree = "<group>"; };
		759B0EC42360BF6C00399888 /* StoryScene4.swift */ = {isa = PBXFileReference; lastKnownFileType = sourcecode.swift; path = StoryScene4.swift; sourceTree = "<group>"; };
		759B0EC62360C03400399888 /* StoryScene5.swift */ = {isa = PBXFileReference; lastKnownFileType = sourcecode.swift; path = StoryScene5.swift; sourceTree = "<group>"; };
		759B0EC82360C06500399888 /* StoryScene6.swift */ = {isa = PBXFileReference; lastKnownFileType = sourcecode.swift; path = StoryScene6.swift; sourceTree = "<group>"; };
		9559081E2368D16A00A32C5C /* MusicHelper.swift */ = {isa = PBXFileReference; lastKnownFileType = sourcecode.swift; path = MusicHelper.swift; sourceTree = "<group>"; };
		955908202368D27A00A32C5C /* musicaDaNarrativa.mp3 */ = {isa = PBXFileReference; lastKnownFileType = audio.mp3; path = musicaDaNarrativa.mp3; sourceTree = "<group>"; };
		955908222368D29E00A32C5C /* cenario.mp3 */ = {isa = PBXFileReference; lastKnownFileType = audio.mp3; path = cenario.mp3; sourceTree = "<group>"; };
		E002B2CF2369FF6200A2C7E9 /* shipSound.wav */ = {isa = PBXFileReference; lastKnownFileType = audio.wav; path = shipSound.wav; sourceTree = "<group>"; };
		E002B2D02369FF6200A2C7E9 /* invadersSound.wav */ = {isa = PBXFileReference; lastKnownFileType = audio.wav; path = invadersSound.wav; sourceTree = "<group>"; };
		E002B2D5236A021700A2C7E9 /* eatSound.wav */ = {isa = PBXFileReference; lastKnownFileType = audio.wav; path = eatSound.wav; sourceTree = "<group>"; };
		E002B2D7236A0BD900A2C7E9 /* gameOverSound.wav */ = {isa = PBXFileReference; lastKnownFileType = audio.wav; path = gameOverSound.wav; sourceTree = "<group>"; };
		E002B2D9236A1E7A00A2C7E9 /* audioGreen.mp3 */ = {isa = PBXFileReference; lastKnownFileType = audio.mp3; path = audioGreen.mp3; sourceTree = "<group>"; };
		E002B2DA236A1E7A00A2C7E9 /* audioBlue.mp3 */ = {isa = PBXFileReference; lastKnownFileType = audio.mp3; path = audioBlue.mp3; sourceTree = "<group>"; };
		E002B2DB236A1E7A00A2C7E9 /* audioYellow.mp3 */ = {isa = PBXFileReference; lastKnownFileType = audio.mp3; path = audioYellow.mp3; sourceTree = "<group>"; };
		E002B2DC236A1E7A00A2C7E9 /* audioRed.mp3 */ = {isa = PBXFileReference; lastKnownFileType = audio.mp3; path = audioRed.mp3; sourceTree = "<group>"; };
		E00B886123624D9A004459AC /* slkscre.ttf */ = {isa = PBXFileReference; lastKnownFileType = file; path = slkscre.ttf; sourceTree = "<group>"; };
		E099B6462360D11100EDEC90 /* SpaceInvaders.swift */ = {isa = PBXFileReference; lastKnownFileType = sourcecode.swift; path = SpaceInvaders.swift; sourceTree = "<group>"; };
		E099B6522360DD3500EDEC90 /* GameOverSceneSnake.swift */ = {isa = PBXFileReference; lastKnownFileType = sourcecode.swift; path = GameOverSceneSnake.swift; sourceTree = "<group>"; };
		E099B6542360DE3E00EDEC90 /* ManagerGameSnake.swift */ = {isa = PBXFileReference; lastKnownFileType = sourcecode.swift; path = ManagerGameSnake.swift; sourceTree = SOURCE_ROOT; };
		E099B6562360DE7200EDEC90 /* GameSnake.swift */ = {isa = PBXFileReference; lastKnownFileType = sourcecode.swift; path = GameSnake.swift; sourceTree = "<group>"; };
		E099B6582360F0E000EDEC90 /* GameOverSceneSpace.swift */ = {isa = PBXFileReference; lastKnownFileType = sourcecode.swift; path = GameOverSceneSpace.swift; sourceTree = "<group>"; };
		E099B65A2360F2C600EDEC90 /* GameOverSceneGenius.swift */ = {isa = PBXFileReference; lastKnownFileType = sourcecode.swift; path = GameOverSceneGenius.swift; sourceTree = "<group>"; };
/* End PBXFileReference section */

/* Begin PBXFrameworksBuildPhase section */
		6FCA38B3234E488E005A239D /* Frameworks */ = {
			isa = PBXFrameworksBuildPhase;
			buildActionMask = 2147483647;
			files = (
			);
			runOnlyForDeploymentPostprocessing = 0;
		};
/* End PBXFrameworksBuildPhase section */

/* Begin PBXGroup section */
		6FCA38AD234E488E005A239D = {
			isa = PBXGroup;
			children = (
				6FCA38B8234E488E005A239D /* Pandacornios */,
				6FCA38B7234E488E005A239D /* Products */,
			);
			sourceTree = "<group>";
		};
		6FCA38B7234E488E005A239D /* Products */ = {
			isa = PBXGroup;
			children = (
				6FCA38B6234E488E005A239D /* Mudanças.app */,
			);
			name = Products;
			sourceTree = "<group>";
		};
		6FCA38B8234E488E005A239D /* Pandacornios */ = {
			isa = PBXGroup;
			children = (
				955908202368D27A00A32C5C /* musicaDaNarrativa.mp3 */,
				955908222368D29E00A32C5C /* cenario.mp3 */,
				9559081E2368D16A00A32C5C /* MusicHelper.swift */,
				E002B2DA236A1E7A00A2C7E9 /* audioBlue.mp3 */,
				E002B2D9236A1E7A00A2C7E9 /* audioGreen.mp3 */,
				E002B2DC236A1E7A00A2C7E9 /* audioRed.mp3 */,
				E002B2DB236A1E7A00A2C7E9 /* audioYellow.mp3 */,
				6FDE81B0235CC38D001294F5 /* StoryBegin.swift */,
				759B0EC02360BECB00399888 /* StoryScene2.swift */,
				759B0EC22360BF2B00399888 /* StoryScene3.swift */,
				759B0EC42360BF6C00399888 /* StoryScene4.swift */,
				759B0EC62360C03400399888 /* StoryScene5.swift */,
				759B0EC82360C06500399888 /* StoryScene6.swift */,
				6FCA38B9234E488E005A239D /* AppDelegate.swift */,
				6FCA38BB234E488E005A239D /* GameScene.sks */,
				6FCA38BD234E488E005A239D /* Actions.sks */,
				6FCA38BF234E488E005A239D /* InicialScreen.swift */,
				6FCA38D1234E52FE005A239D /* NewScene.swift */,
				6FCA38C1234E488E005A239D /* GameViewController.swift */,
				E002B2D02369FF6200A2C7E9 /* invadersSound.wav */,
				E002B2CF2369FF6200A2C7E9 /* shipSound.wav */,
				25C425A8234FB99D00B0FE94 /* GeniusScene.swift */,
				E099B65A2360F2C600EDEC90 /* GameOverSceneGenius.swift */,
				E099B6462360D11100EDEC90 /* SpaceInvaders.swift */,
				E099B6582360F0E000EDEC90 /* GameOverSceneSpace.swift */,
				E099B6562360DE7200EDEC90 /* GameSnake.swift */,
				E002B2D5236A021700A2C7E9 /* eatSound.wav */,
				E099B6542360DE3E00EDEC90 /* ManagerGameSnake.swift */,
				E099B6522360DD3500EDEC90 /* GameOverSceneSnake.swift */,
				6FCA38C3234E488E005A239D /* Main.storyboard */,
				6FCA38C6234E4892005A239D /* Assets.xcassets */,
				6FCA38C8234E4892005A239D /* LaunchScreen.storyboard */,
				E00B886123624D9A004459AC /* slkscre.ttf */,
				6FCA38CB234E4892005A239D /* Info.plist */,
				E002B2D7236A0BD900A2C7E9 /* gameOverSound.wav */,
				254AE93B2368A8F800CCC3B8 /* MiniGamesController.swift */,
			);
			path = Pandacornios;
			sourceTree = "<group>";
		};
/* End PBXGroup section */

/* Begin PBXNativeTarget section */
		6FCA38B5234E488E005A239D /* Pandacornios */ = {
			isa = PBXNativeTarget;
			buildConfigurationList = 6FCA38CE234E4892005A239D /* Build configuration list for PBXNativeTarget "Pandacornios" */;
			buildPhases = (
				6FCA38B2234E488E005A239D /* Sources */,
				6FCA38B3234E488E005A239D /* Frameworks */,
				6FCA38B4234E488E005A239D /* Resources */,
			);
			buildRules = (
			);
			dependencies = (
			);
			name = Pandacornios;
			productName = Pandacornios;
			productReference = 6FCA38B6234E488E005A239D /* Mudanças.app */;
			productType = "com.apple.product-type.application";
		};
/* End PBXNativeTarget section */

/* Begin PBXProject section */
		6FCA38AE234E488E005A239D /* Project object */ = {
			isa = PBXProject;
			attributes = {
				LastSwiftUpdateCheck = 1100;
				LastUpgradeCheck = 1100;
				ORGANIZATIONNAME = "Nathalia Melare";
				TargetAttributes = {
					6FCA38B5234E488E005A239D = {
						CreatedOnToolsVersion = 11.0;
					};
				};
			};
			buildConfigurationList = 6FCA38B1234E488E005A239D /* Build configuration list for PBXProject "Pandacornios" */;
			compatibilityVersion = "Xcode 9.3";
			developmentRegion = en;
			hasScannedForEncodings = 0;
			knownRegions = (
				en,
				Base,
			);
			mainGroup = 6FCA38AD234E488E005A239D;
			productRefGroup = 6FCA38B7234E488E005A239D /* Products */;
			projectDirPath = "";
			projectRoot = "";
			targets = (
				6FCA38B5234E488E005A239D /* Pandacornios */,
			);
		};
/* End PBXProject section */

/* Begin PBXResourcesBuildPhase section */
		6FCA38B4234E488E005A239D /* Resources */ = {
			isa = PBXResourcesBuildPhase;
			buildActionMask = 2147483647;
			files = (
				E00B886223624D9A004459AC /* slkscre.ttf in Resources */,
				6FCA38C5234E488E005A239D /* Main.storyboard in Resources */,
				955908232368D29E00A32C5C /* cenario.mp3 in Resources */,
				6FCA38BC234E488E005A239D /* GameScene.sks in Resources */,
				955908212368D27A00A32C5C /* musicaDaNarrativa.mp3 in Resources */,
				6FCA38C7234E4892005A239D /* Assets.xcassets in Resources */,
				6FCA38CA234E4892005A239D /* LaunchScreen.storyboard in Resources */,
				E002B2D22369FF6200A2C7E9 /* invadersSound.wav in Resources */,
				E002B2D6236A021700A2C7E9 /* eatSound.wav in Resources */,
				E002B2DF236A1E7A00A2C7E9 /* audioYellow.mp3 in Resources */,
				6FCA38BC234E488E005A239D /* GameScene.sks in Resources */,
				E002B2D8236A0BD900A2C7E9 /* gameOverSound.wav in Resources */,
				6FCA38C7234E4892005A239D /* Assets.xcassets in Resources */,
				E002B2DD236A1E7A00A2C7E9 /* audioGreen.mp3 in Resources */,
				E002B2DE236A1E7A00A2C7E9 /* audioBlue.mp3 in Resources */,
				6FCA38CA234E4892005A239D /* LaunchScreen.storyboard in Resources */,
				E002B2D12369FF6200A2C7E9 /* shipSound.wav in Resources */,
				6FCA38BE234E488E005A239D /* Actions.sks in Resources */,
				E002B2E0236A1E7A00A2C7E9 /* audioRed.mp3 in Resources */,
			);
			runOnlyForDeploymentPostprocessing = 0;
		};
/* End PBXResourcesBuildPhase section */

/* Begin PBXSourcesBuildPhase section */
		6FCA38B2234E488E005A239D /* Sources */ = {
			isa = PBXSourcesBuildPhase;
			buildActionMask = 2147483647;
			files = (
				E099B6552360DE3E00EDEC90 /* ManagerGameSnake.swift in Sources */,
				E099B6472360D11100EDEC90 /* SpaceInvaders.swift in Sources */,
				6FDE81B1235CC38D001294F5 /* StoryBegin.swift in Sources */,
				759B0EC92360C06500399888 /* StoryScene6.swift in Sources */,
				E099B6572360DE7200EDEC90 /* GameSnake.swift in Sources */,
				9559081F2368D16A00A32C5C /* MusicHelper.swift in Sources */,
				E099B6532360DD3500EDEC90 /* GameOverSceneSnake.swift in Sources */,
				E099B6592360F0E000EDEC90 /* GameOverSceneSpace.swift in Sources */,
				6FCA38D2234E52FE005A239D /* NewScene.swift in Sources */,
				25C425A9234FB99D00B0FE94 /* GeniusScene.swift in Sources */,
				6FCA38C0234E488E005A239D /* InicialScreen.swift in Sources */,
				6FCA38C2234E488E005A239D /* GameViewController.swift in Sources */,
				6FCA38BA234E488E005A239D /* AppDelegate.swift in Sources */,
				759B0EC72360C03400399888 /* StoryScene5.swift in Sources */,
				759B0EC52360BF6C00399888 /* StoryScene4.swift in Sources */,
				E099B65B2360F2C600EDEC90 /* GameOverSceneGenius.swift in Sources */,
				759B0EC12360BECB00399888 /* StoryScene2.swift in Sources */,
				254AE93C2368A8F800CCC3B8 /* MiniGamesController.swift in Sources */,
				759B0EC32360BF2B00399888 /* StoryScene3.swift in Sources */,
			);
			runOnlyForDeploymentPostprocessing = 0;
		};
/* End PBXSourcesBuildPhase section */

/* Begin PBXVariantGroup section */
		6FCA38C3234E488E005A239D /* Main.storyboard */ = {
			isa = PBXVariantGroup;
			children = (
				6FCA38C4234E488E005A239D /* Base */,
			);
			name = Main.storyboard;
			sourceTree = "<group>";
		};
		6FCA38C8234E4892005A239D /* LaunchScreen.storyboard */ = {
			isa = PBXVariantGroup;
			children = (
				6FCA38C9234E4892005A239D /* Base */,
			);
			name = LaunchScreen.storyboard;
			sourceTree = "<group>";
		};
/* End PBXVariantGroup section */

/* Begin XCBuildConfiguration section */
		6FCA38CC234E4892005A239D /* Debug */ = {
			isa = XCBuildConfiguration;
			buildSettings = {
				ALWAYS_SEARCH_USER_PATHS = NO;
				CLANG_ANALYZER_NONNULL = YES;
				CLANG_ANALYZER_NUMBER_OBJECT_CONVERSION = YES_AGGRESSIVE;
				CLANG_CXX_LANGUAGE_STANDARD = "gnu++14";
				CLANG_CXX_LIBRARY = "libc++";
				CLANG_ENABLE_MODULES = YES;
				CLANG_ENABLE_OBJC_ARC = YES;
				CLANG_ENABLE_OBJC_WEAK = YES;
				CLANG_WARN_BLOCK_CAPTURE_AUTORELEASING = YES;
				CLANG_WARN_BOOL_CONVERSION = YES;
				CLANG_WARN_COMMA = YES;
				CLANG_WARN_CONSTANT_CONVERSION = YES;
				CLANG_WARN_DEPRECATED_OBJC_IMPLEMENTATIONS = YES;
				CLANG_WARN_DIRECT_OBJC_ISA_USAGE = YES_ERROR;
				CLANG_WARN_DOCUMENTATION_COMMENTS = YES;
				CLANG_WARN_EMPTY_BODY = YES;
				CLANG_WARN_ENUM_CONVERSION = YES;
				CLANG_WARN_INFINITE_RECURSION = YES;
				CLANG_WARN_INT_CONVERSION = YES;
				CLANG_WARN_NON_LITERAL_NULL_CONVERSION = YES;
				CLANG_WARN_OBJC_IMPLICIT_RETAIN_SELF = YES;
				CLANG_WARN_OBJC_LITERAL_CONVERSION = YES;
				CLANG_WARN_OBJC_ROOT_CLASS = YES_ERROR;
				CLANG_WARN_RANGE_LOOP_ANALYSIS = YES;
				CLANG_WARN_STRICT_PROTOTYPES = YES;
				CLANG_WARN_SUSPICIOUS_MOVE = YES;
				CLANG_WARN_UNGUARDED_AVAILABILITY = YES_AGGRESSIVE;
				CLANG_WARN_UNREACHABLE_CODE = YES;
				CLANG_WARN__DUPLICATE_METHOD_MATCH = YES;
				COPY_PHASE_STRIP = NO;
				DEBUG_INFORMATION_FORMAT = dwarf;
				ENABLE_STRICT_OBJC_MSGSEND = YES;
				ENABLE_TESTABILITY = YES;
				GCC_C_LANGUAGE_STANDARD = gnu11;
				GCC_DYNAMIC_NO_PIC = NO;
				GCC_NO_COMMON_BLOCKS = YES;
				GCC_OPTIMIZATION_LEVEL = 0;
				GCC_PREPROCESSOR_DEFINITIONS = (
					"DEBUG=1",
					"$(inherited)",
				);
				GCC_WARN_64_TO_32_BIT_CONVERSION = YES;
				GCC_WARN_ABOUT_RETURN_TYPE = YES_ERROR;
				GCC_WARN_UNDECLARED_SELECTOR = YES;
				GCC_WARN_UNINITIALIZED_AUTOS = YES_AGGRESSIVE;
				GCC_WARN_UNUSED_FUNCTION = YES;
				GCC_WARN_UNUSED_VARIABLE = YES;
				IPHONEOS_DEPLOYMENT_TARGET = 13.0;
				MTL_ENABLE_DEBUG_INFO = INCLUDE_SOURCE;
				MTL_FAST_MATH = YES;
				ONLY_ACTIVE_ARCH = YES;
				SDKROOT = iphoneos;
				SWIFT_ACTIVE_COMPILATION_CONDITIONS = DEBUG;
				SWIFT_OPTIMIZATION_LEVEL = "-Onone";
			};
			name = Debug;
		};
		6FCA38CD234E4892005A239D /* Release */ = {
			isa = XCBuildConfiguration;
			buildSettings = {
				ALWAYS_SEARCH_USER_PATHS = NO;
				CLANG_ANALYZER_NONNULL = YES;
				CLANG_ANALYZER_NUMBER_OBJECT_CONVERSION = YES_AGGRESSIVE;
				CLANG_CXX_LANGUAGE_STANDARD = "gnu++14";
				CLANG_CXX_LIBRARY = "libc++";
				CLANG_ENABLE_MODULES = YES;
				CLANG_ENABLE_OBJC_ARC = YES;
				CLANG_ENABLE_OBJC_WEAK = YES;
				CLANG_WARN_BLOCK_CAPTURE_AUTORELEASING = YES;
				CLANG_WARN_BOOL_CONVERSION = YES;
				CLANG_WARN_COMMA = YES;
				CLANG_WARN_CONSTANT_CONVERSION = YES;
				CLANG_WARN_DEPRECATED_OBJC_IMPLEMENTATIONS = YES;
				CLANG_WARN_DIRECT_OBJC_ISA_USAGE = YES_ERROR;
				CLANG_WARN_DOCUMENTATION_COMMENTS = YES;
				CLANG_WARN_EMPTY_BODY = YES;
				CLANG_WARN_ENUM_CONVERSION = YES;
				CLANG_WARN_INFINITE_RECURSION = YES;
				CLANG_WARN_INT_CONVERSION = YES;
				CLANG_WARN_NON_LITERAL_NULL_CONVERSION = YES;
				CLANG_WARN_OBJC_IMPLICIT_RETAIN_SELF = YES;
				CLANG_WARN_OBJC_LITERAL_CONVERSION = YES;
				CLANG_WARN_OBJC_ROOT_CLASS = YES_ERROR;
				CLANG_WARN_RANGE_LOOP_ANALYSIS = YES;
				CLANG_WARN_STRICT_PROTOTYPES = YES;
				CLANG_WARN_SUSPICIOUS_MOVE = YES;
				CLANG_WARN_UNGUARDED_AVAILABILITY = YES_AGGRESSIVE;
				CLANG_WARN_UNREACHABLE_CODE = YES;
				CLANG_WARN__DUPLICATE_METHOD_MATCH = YES;
				COPY_PHASE_STRIP = NO;
				DEBUG_INFORMATION_FORMAT = "dwarf-with-dsym";
				ENABLE_NS_ASSERTIONS = NO;
				ENABLE_STRICT_OBJC_MSGSEND = YES;
				GCC_C_LANGUAGE_STANDARD = gnu11;
				GCC_NO_COMMON_BLOCKS = YES;
				GCC_WARN_64_TO_32_BIT_CONVERSION = YES;
				GCC_WARN_ABOUT_RETURN_TYPE = YES_ERROR;
				GCC_WARN_UNDECLARED_SELECTOR = YES;
				GCC_WARN_UNINITIALIZED_AUTOS = YES_AGGRESSIVE;
				GCC_WARN_UNUSED_FUNCTION = YES;
				GCC_WARN_UNUSED_VARIABLE = YES;
				IPHONEOS_DEPLOYMENT_TARGET = 13.0;
				MTL_ENABLE_DEBUG_INFO = NO;
				MTL_FAST_MATH = YES;
				SDKROOT = iphoneos;
				SWIFT_COMPILATION_MODE = wholemodule;
				SWIFT_OPTIMIZATION_LEVEL = "-O";
				VALIDATE_PRODUCT = YES;
			};
			name = Release;
		};
		6FCA38CF234E4892005A239D /* Debug */ = {
			isa = XCBuildConfiguration;
			buildSettings = {
				ASSETCATALOG_COMPILER_APPICON_NAME = AppIcon;
				CODE_SIGN_STYLE = Automatic;
				INFOPLIST_FILE = Pandacornios/Info.plist;
				LD_RUNPATH_SEARCH_PATHS = (
					"$(inherited)",
					"@executable_path/Frameworks",
				);
				PRODUCT_BUNDLE_IDENTIFIER = com.nathaliamelare.Pandacornios;
				PRODUCT_NAME = "Mudanças";
				SWIFT_VERSION = 5.0;
				TARGETED_DEVICE_FAMILY = 1;
			};
			name = Debug;
		};
		6FCA38D0234E4892005A239D /* Release */ = {
			isa = XCBuildConfiguration;
			buildSettings = {
				ASSETCATALOG_COMPILER_APPICON_NAME = AppIcon;
				CODE_SIGN_STYLE = Automatic;
				DEVELOPMENT_TEAM = PUT3745C65;
				INFOPLIST_FILE = Pandacornios/Info.plist;
				LD_RUNPATH_SEARCH_PATHS = (
					"$(inherited)",
					"@executable_path/Frameworks",
				);
				PRODUCT_BUNDLE_IDENTIFIER = com.nathaliamelare.Pandacornios;
				PRODUCT_NAME = "Mudanças";
				SWIFT_VERSION = 5.0;
				TARGETED_DEVICE_FAMILY = 1;
			};
			name = Release;
		};
/* End XCBuildConfiguration section */

/* Begin XCConfigurationList section */
		6FCA38B1234E488E005A239D /* Build configuration list for PBXProject "Pandacornios" */ = {
			isa = XCConfigurationList;
			buildConfigurations = (
				6FCA38CC234E4892005A239D /* Debug */,
				6FCA38CD234E4892005A239D /* Release */,
			);
			defaultConfigurationIsVisible = 0;
			defaultConfigurationName = Release;
		};
		6FCA38CE234E4892005A239D /* Build configuration list for PBXNativeTarget "Pandacornios" */ = {
			isa = XCConfigurationList;
			buildConfigurations = (
				6FCA38CF234E4892005A239D /* Debug */,
				6FCA38D0234E4892005A239D /* Release */,
			);
			defaultConfigurationIsVisible = 0;
			defaultConfigurationName = Release;
		};
/* End XCConfigurationList section */
	};
	rootObject = 6FCA38AE234E488E005A239D /* Project object */;
}
